github.com/yuin/goldmark v1.7.8 h1:iERMLn0/QJeHFhxSt3p6PeN9mGnvIKSpG9YYorDMnic=
github.com/yuin/goldmark v1.7.8/go.mod h1:uzxRWxtg69N339t3louHJ7+O03ezfj6PlliRlaOzY1E=
marwan.io/muxw v0.0.0-20240821191306-a9e093309a3c h1:Coz9kO5HZmKOgBtVH6jwXwgcBGOF9Q3I8T/+docgfsI=
marwan.io/muxw v0.0.0-20240821191306-a9e093309a3c/go.mod h1:feFWShyPqrHs3kVfxwBQcNm7pvC4yTe9bMnGQIJ0RQk=
marwan.io/serverctx v0.0.0-20230328205047-94bdf3b97a0d h1:fKU1XMs3P4UAHIHflTpYVlX13ORfGqgeY9m0i96H+WM=
marwan.io/serverctx v0.0.0-20230328205047-94bdf3b97a0d/go.mod h1:ns8Uw1Tw6/Y1R42szvyBknHWaTf4cChc6xKYPexbGoE=
