# This file is autogenerated, do not edit; changes may be undone by the next 'dep ensure'.


[[projects]]
  name = "github.com/PuerkitoBio/goquery"
  packages = ["."]
  revision = "e1271ee34c6a305e38566ecd27ae374944907ee9"
  version = "v1.1.0"

[[projects]]
  branch = "master"
  name = "github.com/andybalholm/cascadia"
  packages = ["."]
  revision = "349dd0209470eabd9514242c688c403c0926d266"

[[projects]]
  branch = "master"
  name = "github.com/cathalgarvey/fmtless"
  packages = [".","encoding/json"]
  revision = "5077ea9388910b75830078d274e1addafb53711f"

[[projects]]
  branch = "master"
  name = "github.com/gopherjs/gopherjs"
  packages = ["js"]
  revision = "2b1d432c8a82c9bff0b0baffaeb3ec6e92974112"

[[projects]]
  branch = "master"
  name = "github.com/gopherjs/vecty"
  packages = [".","elem","event","prop"]
  revision = "7d15bbeaa9172b71e239a83098d29ffc3b70590b"

[[projects]]
  branch = "master"
  name = "github.com/marwan-at-work/vecty-router"
  packages = ["."]
  revision = "f872b081f3e0543cdc4cd94447959eb9f1bca98f"

[[projects]]
  name = "github.com/russross/blackfriday"
  packages = ["."]
  revision = "0b647d0506a698cca42caca173e55559b12a69f2"
  version = "v1.4"

[[projects]]
  branch = "master"
  name = "github.com/shurcooL/sanitized_anchor_name"
  packages = ["."]
  revision = "541ff5ee47f1dddf6a5281af78307d921524bcb5"

[[projects]]
  branch = "master"
  name = "golang.org/x/crypto"
  packages = ["acme","acme/autocert"]
  revision = "2faea1465de239e4babd8f5905cc25b781712442"

[[projects]]
  branch = "master"
  name = "golang.org/x/net"
  packages = ["html","html/atom"]
  revision = "f5079bd7f6f74e23c4d65efa0f4ce14cbd6a3c0f"

[[projects]]
  branch = "master"
  name = "honnef.co/go/js/util"
  packages = ["."]
  revision = "96b8dd9d16214b6cd9d8c8e84b3a375da4688108"

[[projects]]
  branch = "master"
  name = "honnef.co/go/js/xhr"
  packages = ["."]
  revision = "00e3346113aed89b501ead4e863c7c3d04fa0c5b"

[solve-meta]
  analyzer-name = "dep"
  analyzer-version = 1
  inputs-digest = "3ecfb1f743c106dd9307577a0190326b40ba3a6eb38f19844e1f213a1cfcc175"
  solver-name = "gps-cdcl"
  solver-version = 1
