# This file is autogenerated, do not edit; changes may be undone by the next 'dep ensure'.


[[projects]]
  branch = "master"
  name = "github.com/PuerkitoBio/goquery"
  packages = ["."]
  revision = "2dc93891ab3bcc1dbc2cbf9bc6376c37f6e6f289"

[[projects]]
  branch = "master"
  name = "github.com/andybalholm/cascadia"
  packages = ["."]
  revision = "349dd0209470eabd9514242c688c403c0926d266"

[[projects]]
  branch = "master"
  name = "github.com/gopherjs/gopherjs"
  packages = ["js"]
  revision = "2b1d432c8a82c9bff0b0baffaeb3ec6e92974112"

[[projects]]
  branch = "master"
  name = "github.com/gopherjs/vecty"
  packages = [".","elem","event","prop"]
  revision = "29e955f4adf9d30417880355935bd22d279f3cc1"

[[projects]]
  branch = "master"
  name = "github.com/marwan-at-work/vecty-router"
  packages = ["."]
  revision = "2a50d35fc9676b9e81b8668e0e049e60c50a79d9"

[[projects]]
  branch = "master"
  name = "github.com/russross/blackfriday"
  packages = ["."]
  revision = "0ba0f2b6ed7c475a92e4df8641825cb7a11d1fa3"

[[projects]]
  branch = "master"
  name = "golang.org/x/crypto"
  packages = ["acme","acme/autocert"]
  revision = "69be088f860613049aa58c65154d1b1d32bbdf90"

[[projects]]
  branch = "master"
  name = "golang.org/x/net"
  packages = ["html","html/atom"]
  revision = "ddf80d0970594e2e4cccf5a98861cad3d9eaa4cd"

[solve-meta]
  analyzer-name = "dep"
  analyzer-version = 1
  inputs-digest = "49fade913932c413bd0892969a52a5fc740b6d5c1d439a2bb7d0c96253e71624"
  solver-name = "gps-cdcl"
  solver-version = 1
