# This file is autogenerated, do not edit; changes may be undone by the next 'dep ensure'.


[[projects]]
  name = "github.com/PuerkitoBio/goquery"
  packages = ["."]
  revision = "e1271ee34c6a305e38566ecd27ae374944907ee9"
  version = "v1.1.0"

[[projects]]
  branch = "master"
  name = "github.com/andybalholm/cascadia"
  packages = ["."]
  revision = "349dd0209470eabd9514242c688c403c0926d266"

[[projects]]
  branch = "master"
  name = "github.com/cathalgarvey/fmtless"
  packages = [".","encoding/json"]
  revision = "5077ea9388910b75830078d274e1addafb53711f"

[[projects]]
  branch = "master"
  name = "github.com/gopherjs/gopherjs"
  packages = ["js"]
  revision = "c7ececa347f7ef5d8542ac56c0edc26728f3b254"

[[projects]]
  branch = "master"
  name = "github.com/gopherjs/vecty"
  packages = [".","elem","event","prop"]
  revision = "657d4511d36ed357f891b69fc7219c70acf1b613"

[[projects]]
  branch = "master"
  name = "github.com/marwan-at-work/vecty-router"
  packages = ["."]
  revision = "0407dcb5b5f985090f5a1e3418513a1ca6570d06"

[[projects]]
  branch = "master"
  name = "golang.org/x/crypto"
  packages = ["acme","acme/autocert"]
  revision = "81e90905daefcd6fd217b62423c0908922eadb30"

[[projects]]
  branch = "master"
  name = "golang.org/x/net"
  packages = ["html","html/atom"]
  revision = "66aacef3dd8a676686c7ae3716979581e8b03c47"

[[projects]]
  branch = "master"
  name = "honnef.co/go/js/util"
  packages = ["."]
  revision = "96b8dd9d16214b6cd9d8c8e84b3a375da4688108"

[[projects]]
  branch = "master"
  name = "honnef.co/go/js/xhr"
  packages = ["."]
  revision = "00e3346113aed89b501ead4e863c7c3d04fa0c5b"

[solve-meta]
  analyzer-name = "dep"
  analyzer-version = 1
  inputs-digest = "cfc5c7d7f7010cc344335ffbe7935cedff713ff98344e9724166839634905ec2"
  solver-name = "gps-cdcl"
  solver-version = 1
